
Microsoft Visual Studio Solution File, Format Version 12.00
# Visual Studio 15
VisualStudioVersion = 15.0.28010.2019
MinimumVisualStudioVersion = 10.0.40219.1
Project("{FAE04EC0-301F-11D3-BF4B-00C04F79EFBC}") = "6", "ConsoleApp1\6.csproj", "{C713D3FB-A082-4A08-9400-EC1CBCECB8BE}"
EndProject
Project("{FAE04EC0-301F-11D3-BF4B-00C04F79EFBC}") = "7", "ConsoleApp2\7.csproj", "{FB7F448E-89E2-4EFC-92E1-70E3E70A9045}"
EndProject
Project("{FAE04EC0-301F-11D3-BF4B-00C04F79EFBC}") = "9", "ConsoleApp3\9.csproj", "{7D4401A4-A5C0-4F50-ACED-046B670B0FC5}"
EndProject
Global
	GlobalSection(SolutionConfigurationPlatforms) = preSolution
		Debug|Any CPU = Debug|Any CPU
		Release|Any CPU = Release|Any CPU
	EndGlobalSection
	GlobalSection(ProjectConfigurationPlatforms) = postSolution
		{C713D3FB-A082-4A08-9400-EC1CBCECB8BE}.Debug|Any CPU.ActiveCfg = Debug|Any CPU
		{C713D3FB-A082-4A08-9400-EC1CBCECB8BE}.Debug|Any CPU.Build.0 = Debug|Any CPU
		{C713D3FB-A082-4A08-9400-EC1CBCECB8BE}.Release|Any CPU.ActiveCfg = Release|Any CPU
		{C713D3FB-A082-4A08-9400-EC1CBCECB8BE}.Release|Any CPU.Build.0 = Release|Any CPU
		{FB7F448E-89E2-4EFC-92E1-70E3E70A9045}.Debug|Any CPU.ActiveCfg = Debug|Any CPU
		{FB7F448E-89E2-4EFC-92E1-70E3E70A9045}.Debug|Any CPU.Build.0 = Debug|Any CPU
		{FB7F448E-89E2-4EFC-92E1-70E3E70A9045}.Release|Any CPU.ActiveCfg = Release|Any CPU
		{FB7F448E-89E2-4EFC-92E1-70E3E70A9045}.Release|Any CPU.Build.0 = Release|Any CPU
		{7D4401A4-A5C0-4F50-ACED-046B670B0FC5}.Debug|Any CPU.ActiveCfg = Debug|Any CPU
		{7D4401A4-A5C0-4F50-ACED-046B670B0FC5}.Debug|Any CPU.Build.0 = Debug|Any CPU
		{7D4401A4-A5C0-4F50-ACED-046B670B0FC5}.Release|Any CPU.ActiveCfg = Release|Any CPU
		{7D4401A4-A5C0-4F50-ACED-046B670B0FC5}.Release|Any CPU.Build.0 = Release|Any CPU
	EndGlobalSection
	GlobalSection(SolutionProperties) = preSolution
		HideSolutionNode = FALSE
	EndGlobalSection
	GlobalSection(ExtensibilityGlobals) = postSolution
		SolutionGuid = {8D8D25CC-E893-485C-B53F-D3B5BEE49682}
	EndGlobalSection
EndGlobal
